
Microsoft Visual Studio Solution File, Format Version 12.00
# Visual Studio Version 17
VisualStudioVersion = 17.9.34616.47
MinimumVisualStudioVersion = 10.0.40219.1
Project("{9A19103F-16F7-4668-BE54-9A1E7A4F7556}") = "EmployeeApi", "EmployeeApi\EmployeeApi.csproj", "{EFC92132-5FF1-41C6-B4E7-8D4ECD6CAF11}"
EndProject
Global
	GlobalSection(SolutionConfigurationPlatforms) = preSolution
		Debug|Any CPU = Debug|Any CPU
		Release|Any CPU = Release|Any CPU
	EndGlobalSection
	GlobalSection(ProjectConfigurationPlatforms) = postSolution
		{EFC92132-5FF1-41C6-B4E7-8D4ECD6CAF11}.Debug|Any CPU.ActiveCfg = Debug|Any CPU
		{EFC92132-5FF1-41C6-B4E7-8D4ECD6CAF11}.Debug|Any CPU.Build.0 = Debug|Any CPU
		{EFC92132-5FF1-41C6-B4E7-8D4ECD6CAF11}.Release|Any CPU.ActiveCfg = Release|Any CPU
		{EFC92132-5FF1-41C6-B4E7-8D4ECD6CAF11}.Release|Any CPU.Build.0 = Release|Any CPU
	EndGlobalSection
	GlobalSection(SolutionProperties) = preSolution
		HideSolutionNode = FALSE
	EndGlobalSection
	GlobalSection(ExtensibilityGlobals) = postSolution
		SolutionGuid = {E7B23BE0-039F-4440-B529-B46A4CD04089}
	EndGlobalSection
EndGlobal
